// !$*UTF8*$!
{
	archiveVersion = 1;
	classes = {
	};
	objectVersion = 50;
	objects = {

/* Begin PBXBuildFile section */
		E5B9089423A9D43A0017497D /* AppDelegate.swift in Sources */ = {isa = PBXBuildFile; fileRef = E5B9089323A9D43A0017497D /* AppDelegate.swift */; };
		E5B9089623A9D43A0017497D /* SceneDelegate.swift in Sources */ = {isa = PBXBuildFile; fileRef = E5B9089523A9D43A0017497D /* SceneDelegate.swift */; };
		E5B9089823A9D43A0017497D /* ContentView.swift in Sources */ = {isa = PBXBuildFile; fileRef = E5B9089723A9D43A0017497D /* ContentView.swift */; };
		E5B9089A23A9D43B0017497D /* Assets.xcassets in Resources */ = {isa = PBXBuildFile; fileRef = E5B9089923A9D43B0017497D /* Assets.xcassets */; };
		E5B9089D23A9D43B0017497D /* Preview Assets.xcassets in Resources */ = {isa = PBXBuildFile; fileRef = E5B9089C23A9D43B0017497D /* Preview Assets.xcassets */; };
		E5B908A023A9D43B0017497D /* LaunchScreen.storyboard in Resources */ = {isa = PBXBuildFile; fileRef = E5B9089E23A9D43B0017497D /* LaunchScreen.storyboard */; };
/* End PBXBuildFile section */

/* Begin PBXFileReference section */
		E5B9089023A9D43A0017497D /* BarchartAnimationsLBTA.app */ = {isa = PBXFileReference; explicitFileType = wrapper.application; includeInIndex = 0; path = BarchartAnimationsLBTA.app; sourceTree = BUILT_PRODUCTS_DIR; };
		E5B9089323A9D43A0017497D /* AppDelegate.swift */ = {isa = PBXFileReference; lastKnownFileType = sourcecode.swift; path = AppDelegate.swift; sourceTree = "<group>"; };
		E5B9089523A9D43A0017497D /* SceneDelegate.swift */ = {isa = PBXFileReference; lastKnownFileType = sourcecode.swift; path = SceneDelegate.swift; sourceTree = "<group>"; };
		E5B9089723A9D43A0017497D /* ContentView.swift */ = {isa = PBXFileReference; lastKnownFileType = sourcecode.swift; path = ContentView.swift; sourceTree = "<group>"; };
		E5B9089923A9D43B0017497D /* Assets.xcassets */ = {isa = PBXFileReference; lastKnownFileType = folder.assetcatalog; path = Assets.xcassets; sourceTree = "<group>"; };
		E5B9089C23A9D43B0017497D /* Preview Assets.xcassets */ = {isa = PBXFileReference; lastKnownFileType = folder.assetcatalog; path = "Preview Assets.xcassets"; sourceTree = "<group>"; };
		E5B9089F23A9D43B0017497D /* Base */ = {isa = PBXFileReference; lastKnownFileType = file.storyboard; name = Base; path = Base.lproj/LaunchScreen.storyboard; sourceTree = "<group>"; };
		E5B908A123A9D43B0017497D /* Info.plist */ = {isa = PBXFileReference; lastKnownFileType = text.plist.xml; path = Info.plist; sourceTree = "<group>"; };
/* End PBXFileReference section */

/* Begin PBXFrameworksBuildPhase section */
		E5B9088D23A9D43A0017497D /* Frameworks */ = {
			isa = PBXFrameworksBuildPhase;
			buildActionMask = 2147483647;
			files = (
			);
			runOnlyForDeploymentPostprocessing = 0;
		};
/* End PBXFrameworksBuildPhase section */

/* Begin PBXGroup section */
		E5B9088723A9D43A0017497D = {
			isa = PBXGroup;
			children = (
				E5B9089223A9D43A0017497D /* BarchartAnimationsLBTA */,
				E5B9089123A9D43A0017497D /* Products */,
			);
			sourceTree = "<group>";
		};
		E5B9089123A9D43A0017497D /* Products */ = {
			isa = PBXGroup;
			children = (
				E5B9089023A9D43A0017497D /* BarchartAnimationsLBTA.app */,
			);
			name = Products;
			sourceTree = "<group>";
		};
		E5B9089223A9D43A0017497D /* BarchartAnimationsLBTA */ = {
			isa = PBXGroup;
			children = (
				E5B9089323A9D43A0017497D /* AppDelegate.swift */,
				E5B9089523A9D43A0017497D /* SceneDelegate.swift */,
				E5B9089723A9D43A0017497D /* ContentView.swift */,
				E5B9089923A9D43B0017497D /* Assets.xcassets */,
				E5B9089E23A9D43B0017497D /* LaunchScreen.storyboard */,
				E5B908A123A9D43B0017497D /* Info.plist */,
				E5B9089B23A9D43B0017497D /* Preview Content */,
			);
			path = BarchartAnimationsLBTA;
			sourceTree = "<group>";
		};
		E5B9089B23A9D43B0017497D /* Preview Content */ = {
			isa = PBXGroup;
			children = (
				E5B9089C23A9D43B0017497D /* Preview Assets.xcassets */,
			);
			path = "Preview Content";
			sourceTree = "<group>";
		};
/* End PBXGroup section */

/* Begin PBXNativeTarget section */
		E5B9088F23A9D43A0017497D /* BarchartAnimationsLBTA */ = {
			isa = PBXNativeTarget;
			buildConfigurationList = E5B908A423A9D43B0017497D /* Build configuration list for PBXNativeTarget "BarchartAnimationsLBTA" */;
			buildPhases = (
				E5B9088C23A9D43A0017497D /* Sources */,
				E5B9088D23A9D43A0017497D /* Frameworks */,
				E5B9088E23A9D43A0017497D /* Resources */,
			);
			buildRules = (
			);
			dependencies = (
			);
			name = BarchartAnimationsLBTA;
			productName = BarchartAnimationsLBTA;
			productReference = E5B9089023A9D43A0017497D /* BarchartAnimationsLBTA.app */;
			productType = "com.apple.product-type.application";
		};
/* End PBXNativeTarget section */

/* Begin PBXProject section */
		E5B9088823A9D43A0017497D /* Project object */ = {
			isa = PBXProject;
			attributes = {
				LastSwiftUpdateCheck = 1130;
				LastUpgradeCheck = 1130;
				ORGANIZATIONNAME = ambloom;
				TargetAttributes = {
					E5B9088F23A9D43A0017497D = {
						CreatedOnToolsVersion = 11.3;
					};
				};
			};
			buildConfigurationList = E5B9088B23A9D43A0017497D /* Build configuration list for PBXProject "BarchartAnimationsLBTA" */;
			compatibilityVersion = "Xcode 9.3";
			developmentRegion = en;
			hasScannedForEncodings = 0;
			knownRegions = (
				en,
				Base,
			);
			mainGroup = E5B9088723A9D43A0017497D;
			productRefGroup = E5B9089123A9D43A0017497D /* Products */;
			projectDirPath = "";
			projectRoot = "";
			targets = (
				E5B9088F23A9D43A0017497D /* BarchartAnimationsLBTA */,
			);
		};
/* End PBXProject section */

/* Begin PBXResourcesBuildPhase section */
		E5B9088E23A9D43A0017497D /* Resources */ = {
			isa = PBXResourcesBuildPhase;
			buildActionMask = 2147483647;
			files = (
				E5B908A023A9D43B0017497D /* LaunchScreen.storyboard in Resources */,
				E5B9089D23A9D43B0017497D /* Preview Assets.xcassets in Resources */,
				E5B9089A23A9D43B0017497D /* Assets.xcassets in Resources */,
			);
			runOnlyForDeploymentPostprocessing = 0;
		};
/* End PBXResourcesBuildPhase section */

/* Begin PBXSourcesBuildPhase section */
		E5B9088C23A9D43A0017497D /* Sources */ = {
			isa = PBXSourcesBuildPhase;
			buildActionMask = 2147483647;
			files = (
				E5B9089423A9D43A0017497D /* AppDelegate.swift in Sources */,
				E5B9089623A9D43A0017497D /* SceneDelegate.swift in Sources */,
				E5B9089823A9D43A0017497D /* ContentView.swift in Sources */,
			);
			runOnlyForDeploymentPostprocessing = 0;
		};
/* End PBXSourcesBuildPhase section */

/* Begin PBXVariantGroup section */
		E5B9089E23A9D43B0017497D /* LaunchScreen.storyboard */ = {
			isa = PBXVariantGroup;
			children = (
				E5B9089F23A9D43B0017497D /* Base */,
			);
			name = LaunchScreen.storyboard;
			sourceTree = "<group>";
		};
/* End PBXVariantGroup section */

/* Begin XCBuildConfiguration section */
		E5B908A223A9D43B0017497D /* Debug */ = {
			isa = XCBuildConfiguration;
			buildSettings = {
				ALWAYS_SEARCH_USER_PATHS = NO;
				CLANG_ANALYZER_NONNULL = YES;
				CLANG_ANALYZER_NUMBER_OBJECT_CONVERSION = YES_AGGRESSIVE;
				CLANG_CXX_LANGUAGE_STANDARD = "gnu++14";
				CLANG_CXX_LIBRARY = "libc++";
				CLANG_ENABLE_MODULES = YES;
				CLANG_ENABLE_OBJC_ARC = YES;
				CLANG_ENABLE_OBJC_WEAK = YES;
				CLANG_WARN_BLOCK_CAPTURE_AUTORELEASING = YES;
				CLANG_WARN_BOOL_CONVERSION = YES;
				CLANG_WARN_COMMA = YES;
				CLANG_WARN_CONSTANT_CONVERSION = YES;
				CLANG_WARN_DEPRECATED_OBJC_IMPLEMENTATIONS = YES;
				CLANG_WARN_DIRECT_OBJC_ISA_USAGE = YES_ERROR;
				CLANG_WARN_DOCUMENTATION_COMMENTS = YES;
				CLANG_WARN_EMPTY_BODY = YES;
				CLANG_WARN_ENUM_CONVERSION = YES;
				CLANG_WARN_INFINITE_RECURSION = YES;
				CLANG_WARN_INT_CONVERSION = YES;
				CLANG_WARN_NON_LITERAL_NULL_CONVERSION = YES;
				CLANG_WARN_OBJC_IMPLICIT_RETAIN_SELF = YES;
				CLANG_WARN_OBJC_LITERAL_CONVERSION = YES;
				CLANG_WARN_OBJC_ROOT_CLASS = YES_ERROR;
				CLANG_WARN_RANGE_LOOP_ANALYSIS = YES;
				CLANG_WARN_STRICT_PROTOTYPES = YES;
				CLANG_WARN_SUSPICIOUS_MOVE = YES;
				CLANG_WARN_UNGUARDED_AVAILABILITY = YES_AGGRESSIVE;
				CLANG_WARN_UNREACHABLE_CODE = YES;
				CLANG_WARN__DUPLICATE_METHOD_MATCH = YES;
				COPY_PHASE_STRIP = NO;
				DEBUG_INFORMATION_FORMAT = dwarf;
				ENABLE_STRICT_OBJC_MSGSEND = YES;
				ENABLE_TESTABILITY = YES;
				GCC_C_LANGUAGE_STANDARD = gnu11;
				GCC_DYNAMIC_NO_PIC = NO;
				GCC_NO_COMMON_BLOCKS = YES;
				GCC_OPTIMIZATION_LEVEL = 0;
				GCC_PREPROCESSOR_DEFINITIONS = (
					"DEBUG=1",
					"$(inherited)",
				);
				GCC_WARN_64_TO_32_BIT_CONVERSION = YES;
				GCC_WARN_ABOUT_RETURN_TYPE = YES_ERROR;
				GCC_WARN_UNDECLARED_SELECTOR = YES;
				GCC_WARN_UNINITIALIZED_AUTOS = YES_AGGRESSIVE;
				GCC_WARN_UNUSED_FUNCTION = YES;
				GCC_WARN_UNUSED_VARIABLE = YES;
				IPHONEOS_DEPLOYMENT_TARGET = 13.2;
				MTL_ENABLE_DEBUG_INFO = INCLUDE_SOURCE;
				MTL_FAST_MATH = YES;
				ONLY_ACTIVE_ARCH = YES;
				SDKROOT = iphoneos;
				SWIFT_ACTIVE_COMPILATION_CONDITIONS = DEBUG;
				SWIFT_OPTIMIZATION_LEVEL = "-Onone";
			};
			name = Debug;
		};
		E5B908A323A9D43B0017497D /* Release */ = {
			isa = XCBuildConfiguration;
			buildSettings = {
				ALWAYS_SEARCH_USER_PATHS = NO;
				CLANG_ANALYZER_NONNULL = YES;
				CLANG_ANALYZER_NUMBER_OBJECT_CONVERSION = YES_AGGRESSIVE;
				CLANG_CXX_LANGUAGE_STANDARD = "gnu++14";
				CLANG_CXX_LIBRARY = "libc++";
				CLANG_ENABLE_MODULES = YES;
				CLANG_ENABLE_OBJC_ARC = YES;
				CLANG_ENABLE_OBJC_WEAK = YES;
				CLANG_WARN_BLOCK_CAPTURE_AUTORELEASING = YES;
				CLANG_WARN_BOOL_CONVERSION = YES;
				CLANG_WARN_COMMA = YES;
				CLANG_WARN_CONSTANT_CONVERSION = YES;
				CLANG_WARN_DEPRECATED_OBJC_IMPLEMENTATIONS = YES;
				CLANG_WARN_DIRECT_OBJC_ISA_USAGE = YES_ERROR;
				CLANG_WARN_DOCUMENTATION_COMMENTS = YES;
				CLANG_WARN_EMPTY_BODY = YES;
				CLANG_WARN_ENUM_CONVERSION = YES;
				CLANG_WARN_INFINITE_RECURSION = YES;
				CLANG_WARN_INT_CONVERSION = YES;
				CLANG_WARN_NON_LITERAL_NULL_CONVERSION = YES;
				CLANG_WARN_OBJC_IMPLICIT_RETAIN_SELF = YES;
				CLANG_WARN_OBJC_LITERAL_CONVERSION = YES;
				CLANG_WARN_OBJC_ROOT_CLASS = YES_ERROR;
				CLANG_WARN_RANGE_LOOP_ANALYSIS = YES;
				CLANG_WARN_STRICT_PROTOTYPES = YES;
				CLANG_WARN_SUSPICIOUS_MOVE = YES;
				CLANG_WARN_UNGUARDED_AVAILABILITY = YES_AGGRESSIVE;
				CLANG_WARN_UNREACHABLE_CODE = YES;
				CLANG_WARN__DUPLICATE_METHOD_MATCH = YES;
				COPY_PHASE_STRIP = NO;
				DEBUG_INFORMATION_FORMAT = "dwarf-with-dsym";
				ENABLE_NS_ASSERTIONS = NO;
				ENABLE_STRICT_OBJC_MSGSEND = YES;
				GCC_C_LANGUAGE_STANDARD = gnu11;
				GCC_NO_COMMON_BLOCKS = YES;
				GCC_WARN_64_TO_32_BIT_CONVERSION = YES;
				GCC_WARN_ABOUT_RETURN_TYPE = YES_ERROR;
				GCC_WARN_UNDECLARED_SELECTOR = YES;
				GCC_WARN_UNINITIALIZED_AUTOS = YES_AGGRESSIVE;
				GCC_WARN_UNUSED_FUNCTION = YES;
				GCC_WARN_UNUSED_VARIABLE = YES;
				IPHONEOS_DEPLOYMENT_TARGET = 13.2;
				MTL_ENABLE_DEBUG_INFO = NO;
				MTL_FAST_MATH = YES;
				SDKROOT = iphoneos;
				SWIFT_COMPILATION_MODE = wholemodule;
				SWIFT_OPTIMIZATION_LEVEL = "-O";
				VALIDATE_PRODUCT = YES;
			};
			name = Release;
		};
		E5B908A523A9D43B0017497D /* Debug */ = {
			isa = XCBuildConfiguration;
			buildSettings = {
				ASSETCATALOG_COMPILER_APPICON_NAME = AppIcon;
				CODE_SIGN_STYLE = Automatic;
				DEVELOPMENT_ASSET_PATHS = "\"BarchartAnimationsLBTA/Preview Content\"";
				DEVELOPMENT_TEAM = 8BG588F6G9;
				ENABLE_PREVIEWS = YES;
				INFOPLIST_FILE = BarchartAnimationsLBTA/Info.plist;
				LD_RUNPATH_SEARCH_PATHS = (
					"$(inherited)",
					"@executable_path/Frameworks",
				);
				PRODUCT_BUNDLE_IDENTIFIER = ambloom.BarchartAnimationsLBTA;
				PRODUCT_NAME = "$(TARGET_NAME)";
				SWIFT_VERSION = 5.0;
				TARGETED_DEVICE_FAMILY = "1,2";
			};
			name = Debug;
		};
		E5B908A623A9D43B0017497D /* Release */ = {
			isa = XCBuildConfiguration;
			buildSettings = {
				ASSETCATALOG_COMPILER_APPICON_NAME = AppIcon;
				CODE_SIGN_STYLE = Automatic;
				DEVELOPMENT_ASSET_PATHS = "\"BarchartAnimationsLBTA/Preview Content\"";
				DEVELOPMENT_TEAM = 8BG588F6G9;
				ENABLE_PREVIEWS = YES;
				INFOPLIST_FILE = BarchartAnimationsLBTA/Info.plist;
				LD_RUNPATH_SEARCH_PATHS = (
					"$(inherited)",
					"@executable_path/Frameworks",
				);
				PRODUCT_BUNDLE_IDENTIFIER = ambloom.BarchartAnimationsLBTA;
				PRODUCT_NAME = "$(TARGET_NAME)";
				SWIFT_VERSION = 5.0;
				TARGETED_DEVICE_FAMILY = "1,2";
			};
			name = Release;
		};
/* End XCBuildConfiguration section */

/* Begin XCConfigurationList section */
		E5B9088B23A9D43A0017497D /* Build configuration list for PBXProject "BarchartAnimationsLBTA" */ = {
			isa = XCConfigurationList;
			buildConfigurations = (
				E5B908A223A9D43B0017497D /* Debug */,
				E5B908A323A9D43B0017497D /* Release */,
			);
			defaultConfigurationIsVisible = 0;
			defaultConfigurationName = Release;
		};
		E5B908A423A9D43B0017497D /* Build configuration list for PBXNativeTarget "BarchartAnimationsLBTA" */ = {
			isa = XCConfigurationList;
			buildConfigurations = (
				E5B908A523A9D43B0017497D /* Debug */,
				E5B908A623A9D43B0017497D /* Release */,
			);
			defaultConfigurationIsVisible = 0;
			defaultConfigurationName = Release;
		};
/* End XCConfigurationList section */
	};
	rootObject = E5B9088823A9D43A0017497D /* Project object */;
}
